
Microsoft Visual Studio Solution File, Format Version 12.00
# Visual Studio 2013
VisualStudioVersion = 12.0.31101.0
MinimumVisualStudioVersion = 10.0.40219.1
Project("{FAE04EC0-301F-11D3-BF4B-00C04F79EFBC}") = "JJTrailer", "JJTrailer\JJTrailer.csproj", "{7E90464B-1924-48A9-8359-E3B039AD3DE8}"
EndProject
Project("{FAE04EC0-301F-11D3-BF4B-00C04F79EFBC}") = "JJTrailer.Library", "JJTrailer.Library\JJTrailer.Library.csproj", "{3C866457-EB3A-44FC-B3D2-AED9A4B66A1B}"
EndProject
Global
	GlobalSection(SolutionConfigurationPlatforms) = preSolution
		Debug|Any CPU = Debug|Any CPU
		Release|Any CPU = Release|Any CPU
	EndGlobalSection
	GlobalSection(ProjectConfigurationPlatforms) = postSolution
		{7E90464B-1924-48A9-8359-E3B039AD3DE8}.Debug|Any CPU.ActiveCfg = Debug|Any CPU
		{7E90464B-1924-48A9-8359-E3B039AD3DE8}.Debug|Any CPU.Build.0 = Debug|Any CPU
		{7E90464B-1924-48A9-8359-E3B039AD3DE8}.Release|Any CPU.ActiveCfg = Release|Any CPU
		{7E90464B-1924-48A9-8359-E3B039AD3DE8}.Release|Any CPU.Build.0 = Release|Any CPU
		{3C866457-EB3A-44FC-B3D2-AED9A4B66A1B}.Debug|Any CPU.ActiveCfg = Debug|Any CPU
		{3C866457-EB3A-44FC-B3D2-AED9A4B66A1B}.Debug|Any CPU.Build.0 = Debug|Any CPU
		{3C866457-EB3A-44FC-B3D2-AED9A4B66A1B}.Release|Any CPU.ActiveCfg = Release|Any CPU
		{3C866457-EB3A-44FC-B3D2-AED9A4B66A1B}.Release|Any CPU.Build.0 = Release|Any CPU
	EndGlobalSection
	GlobalSection(SolutionProperties) = preSolution
		HideSolutionNode = FALSE
	EndGlobalSection
EndGlobal
